# THIS IS AN AUTOGENERATED FILE. DO NOT EDIT THIS FILE DIRECTLY.
# yarn lockfile v1


openapi-fetch@^0.15.0:
  version "0.15.2"
  resolved "https://registry.npmjs.org/openapi-fetch/-/openapi-fetch-0.15.2.tgz"
  integrity sha512-rdYTzUmSsJevmNqg7fwUVGuKc2Gfb9h6ph74EVPkPfIGJaZTfqdIbJahtbJ3qg1LKinln30hqZniLnKpH0RJBg==
  dependencies:
    openapi-typescript-helpers "^0.0.15"

openapi-typescript-helpers@^0.0.15:
  version "0.0.15"
  resolved "https://registry.npmjs.org/openapi-typescript-helpers/-/openapi-typescript-helpers-0.0.15.tgz"
  integrity sha512-opyTPaunsklCBpTK8JGef6mfPhLSnyy5a0IN9vKtx3+4aExf+KxEqYwIy3hqkedXIB97u357uLMJsOnm3GVjsw==
